<?xml version="1.0" encoding="utf-8"?>
<Project ToolsVersion="4.0" xmlns="http://schemas.microsoft.com/developer/msbuild/2003">
  <ItemGroup>
    <Filter Include="Source Files">
      <UniqueIdentifier>{e07df6fd-c3c2-4251-9fb3-9421fdd48faa}</UniqueIdentifier>
      <Extensions>cpp;c;cxx;rc;def;r;odl;idl;hpj;bat</Extensions>
    </Filter>
    <Filter Include="Resource Files">
      <UniqueIdentifier>{3e1f72b7-6835-4af2-8b16-244f563afafc}</UniqueIdentifier>
      <Extensions>ico;cur;bmp;dlg;rc2;rct;bin;rgs;gif;jpg;jpeg;jpe</Extensions>
    </Filter>
    <Filter Include="Header Files">
      <UniqueIdentifier>{1937c069-bf45-4425-9163-0c610386ac7c}</UniqueIdentifier>
      <Extensions>h;hpp;hxx;hm;inl</Extensions>
    </Filter>
  </ItemGroup>
  <ItemGroup>
    <ClCompile Include="Neatpad.c">
      <Filter>Source Files</Filter>
    </ClCompile>
    <ClCompile Include="NeatUtils.c">
      <Filter>Source Files</Filter>
    </ClCompile>
    <ClCompile Include="OpenSave.c">
      <Filter>Source Files</Filter>
    </ClCompile>
    <ClCompile Include="Options.c">
      <Filter>Source Files</Filter>
    </ClCompile>
    <ClCompile Include="OptionsDisplay.c">
      <Filter>Source Files</Filter>
    </ClCompile>
    <ClCompile Include="OptionsFont.c">
      <Filter>Source Files</Filter>
    </ClCompile>
    <ClCompile Include="OptionsMisc.c">
      <Filter>Source Files</Filter>
    </ClCompile>
    <ClCompile Include="Printing.c">
      <Filter>Source Files</Filter>
    </ClCompile>
    <ClCompile Include="Search.c">
      <Filter>Source Files</Filter>
    </ClCompile>
    <ClCompile Include="Toolbars.c">
      <Filter>Source Files</Filter>
    </ClCompile>
  </ItemGroup>
  <ItemGroup>
    <ResourceCompile Include="resource.rc">
      <Filter>Source Files</Filter>
    </ResourceCompile>
  </ItemGroup>
  <ItemGroup>
    <Image Include="bitmap1.bmp">
      <Filter>Resource Files</Filter>
    </Image>
    <Image Include="bitmap2.bmp">
      <Filter>Resource Files</Filter>
    </Image>
    <Image Include="bitmap3.bmp">
      <Filter>Resource Files</Filter>
    </Image>
    <Image Include="bitmap4.bmp">
      <Filter>Resource Files</Filter>
    </Image>
    <Image Include="icon1.ico">
      <Filter>Resource Files</Filter>
    </Image>
    <Image Include="icon2.ico">
      <Filter>Resource Files</Filter>
    </Image>
    <Image Include="icon3.ico">
      <Filter>Resource Files</Filter>
    </Image>
    <Image Include="icon4.ico">
      <Filter>Resource Files</Filter>
    </Image>
  </ItemGroup>
  <ItemGroup>
    <ClInclude Include="Neatpad.h">
      <Filter>Header Files</Filter>
    </ClInclude>
    <ClInclude Include="resource.h">
      <Filter>Header Files</Filter>
    </ClInclude>
  </ItemGroup>
  <ItemGroup>
    <Manifest Include="Neatpad.exe.manifest" />
  </ItemGroup>
</Project>